
Microsoft Visual Studio Solution File, Format Version 12.00
# Visual Studio Version 17
VisualStudioVersion = 17.13.35931.197
MinimumVisualStudioVersion = 10.0.40219.1
Project("{FAE04EC0-301F-11D3-BF4B-00C04F79EFBC}") = "AuthGate.Auth", "src\AuthGate.Auth\AuthGate.Auth.csproj", "{8C35C589-A6DA-4874-B44F-134F23548A9C}"
EndProject
Project("{2150E333-8FDC-42A3-9474-1A3956D46DE8}") = "src", "src", "{02EA681E-C7D8-13C7-8484-4AC65E1B71E8}"
EndProject
Project("{2150E333-8FDC-42A3-9474-1A3956D46DE8}") = "deploy", "deploy", "{B8574CA3-8EE2-4D33-B33E-F498DCFADACF}"
EndProject
Project("{2150E333-8FDC-42A3-9474-1A3956D46DE8}") = "compose", "compose", "{F2C032E5-FAF7-4007-BF60-321278B87614}"
	ProjectSection(SolutionItems) = preProject
		docker-compose.yml = docker-compose.yml
	EndProjectSection
EndProject
Project("{FAE04EC0-301F-11D3-BF4B-00C04F79EFBC}") = "AuthGate.Mgmt", "src\AuthGate.Mgmt\AuthGate.Mgmt.csproj", "{87671FB9-2A36-6322-82AA-0383974129FB}"
EndProject
Project("{E53339B2-1760-4266-BCC7-CA923CBCF16C}") = "docker-compose", "docker-compose.dcproj", "{81DDED9D-158B-E303-5F62-77A2896D2A5A}"
EndProject
Project("{FAE04EC0-301F-11D3-BF4B-00C04F79EFBC}") = "AuthGate.Auth.Infrastructure", "src\AuthGate.Auth.Infrastructure\AuthGate.Auth.Infrastructure.csproj", "{12CB6ADB-8466-44D7-932D-0C04D1F31B9C}"
EndProject
Project("{FAE04EC0-301F-11D3-BF4B-00C04F79EFBC}") = "AuthGate.Auth.Domain", "src\AuthGate.Auth.Domain\AuthGate.Auth.Domain.csproj", "{1B75ACD6-61F0-481A-B8CE-3D7C73379C14}"
EndProject
Project("{FAE04EC0-301F-11D3-BF4B-00C04F79EFBC}") = "AuthGate.Auth.Application", "src\AuthGate.Auth.Application\AuthGate.Auth.Application.csproj", "{324634E6-CC33-47B9-A295-070C491480A8}"
EndProject
Project("{FAE04EC0-301F-11D3-BF4B-00C04F79EFBC}") = "AuthGate.Auth.Presentation", "src\AuthGate.Auth.Presentation\AuthGate.Auth.Presentation.csproj", "{F57EBE21-579B-4D03-A8DF-3BD090D6E075}"
EndProject
Global
	GlobalSection(SolutionConfigurationPlatforms) = preSolution
		Debug|Any CPU = Debug|Any CPU
		Release|Any CPU = Release|Any CPU
	EndGlobalSection
	GlobalSection(ProjectConfigurationPlatforms) = postSolution
		{8C35C589-A6DA-4874-B44F-134F23548A9C}.Debug|Any CPU.ActiveCfg = Debug|Any CPU
		{8C35C589-A6DA-4874-B44F-134F23548A9C}.Debug|Any CPU.Build.0 = Debug|Any CPU
		{8C35C589-A6DA-4874-B44F-134F23548A9C}.Release|Any CPU.ActiveCfg = Release|Any CPU
		{8C35C589-A6DA-4874-B44F-134F23548A9C}.Release|Any CPU.Build.0 = Release|Any CPU
		{87671FB9-2A36-6322-82AA-0383974129FB}.Debug|Any CPU.ActiveCfg = Debug|Any CPU
		{87671FB9-2A36-6322-82AA-0383974129FB}.Debug|Any CPU.Build.0 = Debug|Any CPU
		{87671FB9-2A36-6322-82AA-0383974129FB}.Release|Any CPU.ActiveCfg = Release|Any CPU
		{87671FB9-2A36-6322-82AA-0383974129FB}.Release|Any CPU.Build.0 = Release|Any CPU
		{81DDED9D-158B-E303-5F62-77A2896D2A5A}.Debug|Any CPU.ActiveCfg = Debug|Any CPU
		{81DDED9D-158B-E303-5F62-77A2896D2A5A}.Debug|Any CPU.Build.0 = Debug|Any CPU
		{81DDED9D-158B-E303-5F62-77A2896D2A5A}.Release|Any CPU.ActiveCfg = Release|Any CPU
		{81DDED9D-158B-E303-5F62-77A2896D2A5A}.Release|Any CPU.Build.0 = Release|Any CPU
		{12CB6ADB-8466-44D7-932D-0C04D1F31B9C}.Debug|Any CPU.ActiveCfg = Debug|Any CPU
		{12CB6ADB-8466-44D7-932D-0C04D1F31B9C}.Debug|Any CPU.Build.0 = Debug|Any CPU
		{12CB6ADB-8466-44D7-932D-0C04D1F31B9C}.Release|Any CPU.ActiveCfg = Release|Any CPU
		{12CB6ADB-8466-44D7-932D-0C04D1F31B9C}.Release|Any CPU.Build.0 = Release|Any CPU
		{1B75ACD6-61F0-481A-B8CE-3D7C73379C14}.Debug|Any CPU.ActiveCfg = Debug|Any CPU
		{1B75ACD6-61F0-481A-B8CE-3D7C73379C14}.Debug|Any CPU.Build.0 = Debug|Any CPU
		{1B75ACD6-61F0-481A-B8CE-3D7C73379C14}.Release|Any CPU.ActiveCfg = Release|Any CPU
		{1B75ACD6-61F0-481A-B8CE-3D7C73379C14}.Release|Any CPU.Build.0 = Release|Any CPU
		{324634E6-CC33-47B9-A295-070C491480A8}.Debug|Any CPU.ActiveCfg = Debug|Any CPU
		{324634E6-CC33-47B9-A295-070C491480A8}.Debug|Any CPU.Build.0 = Debug|Any CPU
		{324634E6-CC33-47B9-A295-070C491480A8}.Release|Any CPU.ActiveCfg = Release|Any CPU
		{324634E6-CC33-47B9-A295-070C491480A8}.Release|Any CPU.Build.0 = Release|Any CPU
		{F57EBE21-579B-4D03-A8DF-3BD090D6E075}.Debug|Any CPU.ActiveCfg = Debug|Any CPU
		{F57EBE21-579B-4D03-A8DF-3BD090D6E075}.Debug|Any CPU.Build.0 = Debug|Any CPU
		{F57EBE21-579B-4D03-A8DF-3BD090D6E075}.Release|Any CPU.ActiveCfg = Release|Any CPU
		{F57EBE21-579B-4D03-A8DF-3BD090D6E075}.Release|Any CPU.Build.0 = Release|Any CPU
	EndGlobalSection
	GlobalSection(SolutionProperties) = preSolution
		HideSolutionNode = FALSE
	EndGlobalSection
	GlobalSection(NestedProjects) = preSolution
		{8C35C589-A6DA-4874-B44F-134F23548A9C} = {02EA681E-C7D8-13C7-8484-4AC65E1B71E8}
		{F2C032E5-FAF7-4007-BF60-321278B87614} = {B8574CA3-8EE2-4D33-B33E-F498DCFADACF}
		{87671FB9-2A36-6322-82AA-0383974129FB} = {02EA681E-C7D8-13C7-8484-4AC65E1B71E8}
		{12CB6ADB-8466-44D7-932D-0C04D1F31B9C} = {02EA681E-C7D8-13C7-8484-4AC65E1B71E8}
		{1B75ACD6-61F0-481A-B8CE-3D7C73379C14} = {02EA681E-C7D8-13C7-8484-4AC65E1B71E8}
		{324634E6-CC33-47B9-A295-070C491480A8} = {02EA681E-C7D8-13C7-8484-4AC65E1B71E8}
		{F57EBE21-579B-4D03-A8DF-3BD090D6E075} = {02EA681E-C7D8-13C7-8484-4AC65E1B71E8}
	EndGlobalSection
	GlobalSection(ExtensibilityGlobals) = postSolution
		SolutionGuid = {838CCC5B-21F2-4505-BCEC-E0AF1D3749D3}
	EndGlobalSection
EndGlobal
